// !$*UTF8*$!
{
	archiveVersion = 1;
	classes = {
	};
	objectVersion = 55;
	objects = {

/* Begin PBXBuildFile section */
		4A6605CB27779715002D11C3 /* ChatButton.swift in Sources */ = {isa = PBXBuildFile; fileRef = 4A6605CA27779715002D11C3 /* ChatButton.swift */; };
		4A6605CE2777A43D002D11C3 /* AuthService.swift in Sources */ = {isa = PBXBuildFile; fileRef = 4A6605CD2777A43D002D11C3 /* AuthService.swift */; };
		4A6605D02777A44E002D11C3 /* StorageService.swift in Sources */ = {isa = PBXBuildFile; fileRef = 4A6605CF2777A44E002D11C3 /* StorageService.swift */; };
		4A6605D62777DE47002D11C3 /* Globals.swift in Sources */ = {isa = PBXBuildFile; fileRef = 4A6605D52777DE46002D11C3 /* Globals.swift */; };
		4A6605D82777DFED002D11C3 /* LoginView.swift in Sources */ = {isa = PBXBuildFile; fileRef = 4A6605D72777DFED002D11C3 /* LoginView.swift */; };
		4A6605DA2777DFFD002D11C3 /* LoginViewModel.swift in Sources */ = {isa = PBXBuildFile; fileRef = 4A6605D92777DFFD002D11C3 /* LoginViewModel.swift */; };
		4A6605DF27781DCC002D11C3 /* ForgotPasswordView.swift in Sources */ = {isa = PBXBuildFile; fileRef = 4A6605DE27781DCC002D11C3 /* ForgotPasswordView.swift */; };
		4A6605E127782A43002D11C3 /* ChatView.swift in Sources */ = {isa = PBXBuildFile; fileRef = 4A6605E027782A43002D11C3 /* ChatView.swift */; };
		4A6605E3277833A1002D11C3 /* ContactsView.swift in Sources */ = {isa = PBXBuildFile; fileRef = 4A6605E2277833A1002D11C3 /* ContactsView.swift */; };
		4A6605E527783449002D11C3 /* SettingsView.swift in Sources */ = {isa = PBXBuildFile; fileRef = 4A6605E427783449002D11C3 /* SettingsView.swift */; };
		4A6605E727784096002D11C3 /* ForgotPasswordViewModel.swift in Sources */ = {isa = PBXBuildFile; fileRef = 4A6605E627784096002D11C3 /* ForgotPasswordViewModel.swift */; };
		4A6605E92778486C002D11C3 /* LoadingView.swift in Sources */ = {isa = PBXBuildFile; fileRef = 4A6605E82778486C002D11C3 /* LoadingView.swift */; };
		4A6605EC27784F5E002D11C3 /* UserModel.swift in Sources */ = {isa = PBXBuildFile; fileRef = 4A6605EB27784F5E002D11C3 /* UserModel.swift */; };
		4A6605EE27784F96002D11C3 /* ChatError.swift in Sources */ = {isa = PBXBuildFile; fileRef = 4A6605ED27784F96002D11C3 /* ChatError.swift */; };
		4A6605F027785B9B002D11C3 /* SettingsViewModel.swift in Sources */ = {isa = PBXBuildFile; fileRef = 4A6605EF27785B9B002D11C3 /* SettingsViewModel.swift */; };
		4A6605F227785BB3002D11C3 /* ChatsViewModel.swift in Sources */ = {isa = PBXBuildFile; fileRef = 4A6605F127785BB3002D11C3 /* ChatsViewModel.swift */; };
		4A6605F427785BC5002D11C3 /* ContactsViewModel.swift in Sources */ = {isa = PBXBuildFile; fileRef = 4A6605F327785BC5002D11C3 /* ContactsViewModel.swift */; };
		4A6605FD27786958002D11C3 /* ChangePasswordView.swift in Sources */ = {isa = PBXBuildFile; fileRef = 4A6605FC27786958002D11C3 /* ChangePasswordView.swift */; };
		4A6605FF27786976002D11C3 /* ChangeDisplayNameView.swift in Sources */ = {isa = PBXBuildFile; fileRef = 4A6605FE27786976002D11C3 /* ChangeDisplayNameView.swift */; };
		4A66060127786983002D11C3 /* ChangeEmailView.swift in Sources */ = {isa = PBXBuildFile; fileRef = 4A66060027786983002D11C3 /* ChangeEmailView.swift */; };
		4A66060327786990002D11C3 /* ChangePhotoView.swift in Sources */ = {isa = PBXBuildFile; fileRef = 4A66060227786990002D11C3 /* ChangePhotoView.swift */; };
		4A66060527786DD2002D11C3 /* DeleteAccountView.swift in Sources */ = {isa = PBXBuildFile; fileRef = 4A66060427786DD2002D11C3 /* DeleteAccountView.swift */; };
		4A7516D527642FCE00E90458 /* FirebaseChatApp.swift in Sources */ = {isa = PBXBuildFile; fileRef = 4A7516D427642FCE00E90458 /* FirebaseChatApp.swift */; };
		4A7516D727642FCE00E90458 /* ContentView.swift in Sources */ = {isa = PBXBuildFile; fileRef = 4A7516D627642FCE00E90458 /* ContentView.swift */; };
		4A7516D927642FD300E90458 /* Assets.xcassets in Resources */ = {isa = PBXBuildFile; fileRef = 4A7516D827642FD300E90458 /* Assets.xcassets */; };
		4A7516DC27642FD300E90458 /* Preview Assets.xcassets in Resources */ = {isa = PBXBuildFile; fileRef = 4A7516DB27642FD300E90458 /* Preview Assets.xcassets */; };
		4A7516FD2764391600E90458 /* GoogleService-Info.plist in Resources */ = {isa = PBXBuildFile; fileRef = 4A7516FC2764391600E90458 /* GoogleService-Info.plist */; };
		4A7517062764628900E90458 /* ImagePicker.swift in Sources */ = {isa = PBXBuildFile; fileRef = 4A7517052764628900E90458 /* ImagePicker.swift */; };
		4A751708276463F700E90458 /* SignUpView.swift in Sources */ = {isa = PBXBuildFile; fileRef = 4A751707276463F700E90458 /* SignUpView.swift */; };
		4A75170A27646F9800E90458 /* SignUpViewModel.swift in Sources */ = {isa = PBXBuildFile; fileRef = 4A75170927646F9800E90458 /* SignUpViewModel.swift */; };
		4A75171927648BCE00E90458 /* MainView.swift in Sources */ = {isa = PBXBuildFile; fileRef = 4A75171827648BCE00E90458 /* MainView.swift */; };
		4A75171D27649AEE00E90458 /* MainViewModel.swift in Sources */ = {isa = PBXBuildFile; fileRef = 4A75171C27649AEE00E90458 /* MainViewModel.swift */; };
		4A76472D276C129700D202C0 /* FirebaseAuth in Frameworks */ = {isa = PBXBuildFile; productRef = 4A76472C276C129700D202C0 /* FirebaseAuth */; };
		4A76472F276C129700D202C0 /* FirebaseFirestore in Frameworks */ = {isa = PBXBuildFile; productRef = 4A76472E276C129700D202C0 /* FirebaseFirestore */; };
		4A764731276C129700D202C0 /* FirebaseStorage in Frameworks */ = {isa = PBXBuildFile; productRef = 4A764730276C129700D202C0 /* FirebaseStorage */; };
		4A969BE92779739C00E81F44 /* UserService.swift in Sources */ = {isa = PBXBuildFile; fileRef = 4A969BE82779739C00E81F44 /* UserService.swift */; };
		4A969BEB2779B37800E81F44 /* PostsView.swift in Sources */ = {isa = PBXBuildFile; fileRef = 4A969BEA2779B37800E81F44 /* PostsView.swift */; };
		4A969BEE2779B7F500E81F44 /* SDWebImageSwiftUI in Frameworks */ = {isa = PBXBuildFile; productRef = 4A969BED2779B7F500E81F44 /* SDWebImageSwiftUI */; };
		4A969BF6277AC3E800E81F44 /* SettingViewSheets.swift in Sources */ = {isa = PBXBuildFile; fileRef = 4A969BF5277AC3E800E81F44 /* SettingViewSheets.swift */; };
		4A969BF8277ACB9400E81F44 /* SearchBar.swift in Sources */ = {isa = PBXBuildFile; fileRef = 4A969BF7277ACB9400E81F44 /* SearchBar.swift */; };
		4A969BFA277ACC4800E81F44 /* MessagesView.swift in Sources */ = {isa = PBXBuildFile; fileRef = 4A969BF9277ACC4800E81F44 /* MessagesView.swift */; };
		4A969BFC277AF21D00E81F44 /* NewPostView.swift in Sources */ = {isa = PBXBuildFile; fileRef = 4A969BFB277AF21C00E81F44 /* NewPostView.swift */; };
		4A969BFE277AF47000E81F44 /* NewPostViewModel.swift in Sources */ = {isa = PBXBuildFile; fileRef = 4A969BFD277AF47000E81F44 /* NewPostViewModel.swift */; };
		4A969C00277AF47800E81F44 /* PostsViewModel.swift in Sources */ = {isa = PBXBuildFile; fileRef = 4A969BFF277AF47800E81F44 /* PostsViewModel.swift */; };
		4A969C02277AF4A500E81F44 /* PostsService.swift in Sources */ = {isa = PBXBuildFile; fileRef = 4A969C01277AF4A500E81F44 /* PostsService.swift */; };
		4A969C04277AF61400E81F44 /* PostModel.swift in Sources */ = {isa = PBXBuildFile; fileRef = 4A969C03277AF61400E81F44 /* PostModel.swift */; };
		4A969C06277AFEB500E81F44 /* ImageSource.swift in Sources */ = {isa = PBXBuildFile; fileRef = 4A969C05277AFEB500E81F44 /* ImageSource.swift */; };
		4A969C08277B250E00E81F44 /* PostRowView.swift in Sources */ = {isa = PBXBuildFile; fileRef = 4A969C07277B250E00E81F44 /* PostRowView.swift */; };
		4A969C0A277B9E7200E81F44 /* Date.extension.swift in Sources */ = {isa = PBXBuildFile; fileRef = 4A969C09277B9E7200E81F44 /* Date.extension.swift */; };
		4A969C0C277BECC200E81F44 /* EditPostView.swift in Sources */ = {isa = PBXBuildFile; fileRef = 4A969C0B277BECC200E81F44 /* EditPostView.swift */; };
		4A969C0E277C246100E81F44 /* EditPostViewModel.swift in Sources */ = {isa = PBXBuildFile; fileRef = 4A969C0D277C246000E81F44 /* EditPostViewModel.swift */; };
		4AB41AEB2777231700F01319 /* ViewModel.swift in Sources */ = {isa = PBXBuildFile; fileRef = 4AB41AEA2777231700F01319 /* ViewModel.swift */; };
		4AB41AED277725B500F01319 /* PhotoView.swift in Sources */ = {isa = PBXBuildFile; fileRef = 4AB41AEC277725B500F01319 /* PhotoView.swift */; };
		4ACFDC69276EBD470039769F /* FirebaseFirestoreSwift-Beta in Frameworks */ = {isa = PBXBuildFile; productRef = 4ACFDC68276EBD470039769F /* FirebaseFirestoreSwift-Beta */; };
		4ACFDC6A276F19200039769F /* Home.swift in Sources */ = {isa = PBXBuildFile; fileRef = 4ACFDC5E276EBCC20039769F /* Home.swift */; };
/* End PBXBuildFile section */

/* Begin PBXFileReference section */
		4A6605CA27779715002D11C3 /* ChatButton.swift */ = {isa = PBXFileReference; lastKnownFileType = sourcecode.swift; path = ChatButton.swift; sourceTree = "<group>"; };
		4A6605CD2777A43D002D11C3 /* AuthService.swift */ = {isa = PBXFileReference; lastKnownFileType = sourcecode.swift; path = AuthService.swift; sourceTree = "<group>"; };
		4A6605CF2777A44E002D11C3 /* StorageService.swift */ = {isa = PBXFileReference; lastKnownFileType = sourcecode.swift; path = StorageService.swift; sourceTree = "<group>"; };
		4A6605D52777DE46002D11C3 /* Globals.swift */ = {isa = PBXFileReference; lastKnownFileType = sourcecode.swift; path = Globals.swift; sourceTree = "<group>"; };
		4A6605D72777DFED002D11C3 /* LoginView.swift */ = {isa = PBXFileReference; lastKnownFileType = sourcecode.swift; path = LoginView.swift; sourceTree = "<group>"; };
		4A6605D92777DFFD002D11C3 /* LoginViewModel.swift */ = {isa = PBXFileReference; lastKnownFileType = sourcecode.swift; path = LoginViewModel.swift; sourceTree = "<group>"; };
		4A6605DE27781DCC002D11C3 /* ForgotPasswordView.swift */ = {isa = PBXFileReference; lastKnownFileType = sourcecode.swift; path = ForgotPasswordView.swift; sourceTree = "<group>"; };
		4A6605E027782A43002D11C3 /* ChatView.swift */ = {isa = PBXFileReference; lastKnownFileType = sourcecode.swift; path = ChatView.swift; sourceTree = "<group>"; };
		4A6605E2277833A1002D11C3 /* ContactsView.swift */ = {isa = PBXFileReference; lastKnownFileType = sourcecode.swift; path = ContactsView.swift; sourceTree = "<group>"; };
		4A6605E427783449002D11C3 /* SettingsView.swift */ = {isa = PBXFileReference; lastKnownFileType = sourcecode.swift; path = SettingsView.swift; sourceTree = "<group>"; };
		4A6605E627784096002D11C3 /* ForgotPasswordViewModel.swift */ = {isa = PBXFileReference; lastKnownFileType = sourcecode.swift; path = ForgotPasswordViewModel.swift; sourceTree = "<group>"; };
		4A6605E82778486C002D11C3 /* LoadingView.swift */ = {isa = PBXFileReference; lastKnownFileType = sourcecode.swift; path = LoadingView.swift; sourceTree = "<group>"; };
		4A6605EB27784F5E002D11C3 /* UserModel.swift */ = {isa = PBXFileReference; lastKnownFileType = sourcecode.swift; path = UserModel.swift; sourceTree = "<group>"; };
		4A6605ED27784F96002D11C3 /* ChatError.swift */ = {isa = PBXFileReference; lastKnownFileType = sourcecode.swift; path = ChatError.swift; sourceTree = "<group>"; };
		4A6605EF27785B9B002D11C3 /* SettingsViewModel.swift */ = {isa = PBXFileReference; lastKnownFileType = sourcecode.swift; path = SettingsViewModel.swift; sourceTree = "<group>"; };
		4A6605F127785BB3002D11C3 /* ChatsViewModel.swift */ = {isa = PBXFileReference; lastKnownFileType = sourcecode.swift; path = ChatsViewModel.swift; sourceTree = "<group>"; };
		4A6605F327785BC5002D11C3 /* ContactsViewModel.swift */ = {isa = PBXFileReference; lastKnownFileType = sourcecode.swift; path = ContactsViewModel.swift; sourceTree = "<group>"; };
		4A6605FC27786958002D11C3 /* ChangePasswordView.swift */ = {isa = PBXFileReference; lastKnownFileType = sourcecode.swift; path = ChangePasswordView.swift; sourceTree = "<group>"; };
		4A6605FE27786976002D11C3 /* ChangeDisplayNameView.swift */ = {isa = PBXFileReference; lastKnownFileType = sourcecode.swift; path = ChangeDisplayNameView.swift; sourceTree = "<group>"; };
		4A66060027786983002D11C3 /* ChangeEmailView.swift */ = {isa = PBXFileReference; lastKnownFileType = sourcecode.swift; path = ChangeEmailView.swift; sourceTree = "<group>"; };
		4A66060227786990002D11C3 /* ChangePhotoView.swift */ = {isa = PBXFileReference; lastKnownFileType = sourcecode.swift; path = ChangePhotoView.swift; sourceTree = "<group>"; };
		4A66060427786DD2002D11C3 /* DeleteAccountView.swift */ = {isa = PBXFileReference; lastKnownFileType = sourcecode.swift; path = DeleteAccountView.swift; sourceTree = "<group>"; };
		4A7516D127642FCE00E90458 /* FirebaseChat.app */ = {isa = PBXFileReference; explicitFileType = wrapper.application; includeInIndex = 0; path = FirebaseChat.app; sourceTree = BUILT_PRODUCTS_DIR; };
		4A7516D427642FCE00E90458 /* FirebaseChatApp.swift */ = {isa = PBXFileReference; lastKnownFileType = sourcecode.swift; path = FirebaseChatApp.swift; sourceTree = "<group>"; };
		4A7516D627642FCE00E90458 /* ContentView.swift */ = {isa = PBXFileReference; lastKnownFileType = sourcecode.swift; path = ContentView.swift; sourceTree = "<group>"; };
		4A7516D827642FD300E90458 /* Assets.xcassets */ = {isa = PBXFileReference; lastKnownFileType = folder.assetcatalog; path = Assets.xcassets; sourceTree = "<group>"; };
		4A7516DB27642FD300E90458 /* Preview Assets.xcassets */ = {isa = PBXFileReference; lastKnownFileType = folder.assetcatalog; path = "Preview Assets.xcassets"; sourceTree = "<group>"; };
		4A7516FC2764391600E90458 /* GoogleService-Info.plist */ = {isa = PBXFileReference; fileEncoding = 4; lastKnownFileType = text.plist.xml; path = "GoogleService-Info.plist"; sourceTree = "<group>"; };
		4A7517052764628900E90458 /* ImagePicker.swift */ = {isa = PBXFileReference; lastKnownFileType = sourcecode.swift; path = ImagePicker.swift; sourceTree = "<group>"; };
		4A751707276463F700E90458 /* SignUpView.swift */ = {isa = PBXFileReference; lastKnownFileType = sourcecode.swift; path = SignUpView.swift; sourceTree = "<group>"; };
		4A75170927646F9800E90458 /* SignUpViewModel.swift */ = {isa = PBXFileReference; lastKnownFileType = sourcecode.swift; path = SignUpViewModel.swift; sourceTree = "<group>"; };
		4A75171827648BCE00E90458 /* MainView.swift */ = {isa = PBXFileReference; lastKnownFileType = sourcecode.swift; path = MainView.swift; sourceTree = "<group>"; };
		4A75171C27649AEE00E90458 /* MainViewModel.swift */ = {isa = PBXFileReference; lastKnownFileType = sourcecode.swift; path = MainViewModel.swift; sourceTree = "<group>"; };
		4A969BE82779739C00E81F44 /* UserService.swift */ = {isa = PBXFileReference; lastKnownFileType = sourcecode.swift; path = UserService.swift; sourceTree = "<group>"; };
		4A969BEA2779B37800E81F44 /* PostsView.swift */ = {isa = PBXFileReference; lastKnownFileType = sourcecode.swift; path = PostsView.swift; sourceTree = "<group>"; };
		4A969BF5277AC3E800E81F44 /* SettingViewSheets.swift */ = {isa = PBXFileReference; lastKnownFileType = sourcecode.swift; path = SettingViewSheets.swift; sourceTree = "<group>"; };
		4A969BF7277ACB9400E81F44 /* SearchBar.swift */ = {isa = PBXFileReference; lastKnownFileType = sourcecode.swift; path = SearchBar.swift; sourceTree = "<group>"; };
		4A969BF9277ACC4800E81F44 /* MessagesView.swift */ = {isa = PBXFileReference; lastKnownFileType = sourcecode.swift; path = MessagesView.swift; sourceTree = "<group>"; };
		4A969BFB277AF21C00E81F44 /* NewPostView.swift */ = {isa = PBXFileReference; lastKnownFileType = sourcecode.swift; path = NewPostView.swift; sourceTree = "<group>"; };
		4A969BFD277AF47000E81F44 /* NewPostViewModel.swift */ = {isa = PBXFileReference; lastKnownFileType = sourcecode.swift; path = NewPostViewModel.swift; sourceTree = "<group>"; };
		4A969BFF277AF47800E81F44 /* PostsViewModel.swift */ = {isa = PBXFileReference; lastKnownFileType = sourcecode.swift; path = PostsViewModel.swift; sourceTree = "<group>"; };
		4A969C01277AF4A500E81F44 /* PostsService.swift */ = {isa = PBXFileReference; lastKnownFileType = sourcecode.swift; path = PostsService.swift; sourceTree = "<group>"; };
		4A969C03277AF61400E81F44 /* PostModel.swift */ = {isa = PBXFileReference; lastKnownFileType = sourcecode.swift; path = PostModel.swift; sourceTree = "<group>"; };
		4A969C05277AFEB500E81F44 /* ImageSource.swift */ = {isa = PBXFileReference; lastKnownFileType = sourcecode.swift; path = ImageSource.swift; sourceTree = "<group>"; };
		4A969C07277B250E00E81F44 /* PostRowView.swift */ = {isa = PBXFileReference; lastKnownFileType = sourcecode.swift; path = PostRowView.swift; sourceTree = "<group>"; };
		4A969C09277B9E7200E81F44 /* Date.extension.swift */ = {isa = PBXFileReference; lastKnownFileType = sourcecode.swift; path = Date.extension.swift; sourceTree = "<group>"; };
		4A969C0B277BECC200E81F44 /* EditPostView.swift */ = {isa = PBXFileReference; lastKnownFileType = sourcecode.swift; path = EditPostView.swift; sourceTree = "<group>"; };
		4A969C0D277C246000E81F44 /* EditPostViewModel.swift */ = {isa = PBXFileReference; lastKnownFileType = sourcecode.swift; path = EditPostViewModel.swift; sourceTree = "<group>"; };
		4AB41AEA2777231700F01319 /* ViewModel.swift */ = {isa = PBXFileReference; lastKnownFileType = sourcecode.swift; path = ViewModel.swift; sourceTree = "<group>"; };
		4AB41AEC277725B500F01319 /* PhotoView.swift */ = {isa = PBXFileReference; lastKnownFileType = sourcecode.swift; path = PhotoView.swift; sourceTree = "<group>"; };
		4ACFDC5E276EBCC20039769F /* Home.swift */ = {isa = PBXFileReference; lastKnownFileType = sourcecode.swift; path = Home.swift; sourceTree = "<group>"; };
/* End PBXFileReference section */

/* Begin PBXFrameworksBuildPhase section */
		4A7516CE27642FCE00E90458 /* Frameworks */ = {
			isa = PBXFrameworksBuildPhase;
			buildActionMask = 2147483647;
			files = (
				4A969BEE2779B7F500E81F44 /* SDWebImageSwiftUI in Frameworks */,
				4A76472D276C129700D202C0 /* FirebaseAuth in Frameworks */,
				4ACFDC69276EBD470039769F /* FirebaseFirestoreSwift-Beta in Frameworks */,
				4A76472F276C129700D202C0 /* FirebaseFirestore in Frameworks */,
				4A764731276C129700D202C0 /* FirebaseStorage in Frameworks */,
			);
			runOnlyForDeploymentPostprocessing = 0;
		};
/* End PBXFrameworksBuildPhase section */

/* Begin PBXGroup section */
		4A6605CC2777A314002D11C3 /* Services */ = {
			isa = PBXGroup;
			children = (
				4A6605CD2777A43D002D11C3 /* AuthService.swift */,
				4A6605CF2777A44E002D11C3 /* StorageService.swift */,
				4A969BE82779739C00E81F44 /* UserService.swift */,
				4A969C01277AF4A500E81F44 /* PostsService.swift */,
			);
			path = Services;
			sourceTree = "<group>";
		};
		4A6605DB277806C1002D11C3 /* Models */ = {
			isa = PBXGroup;
			children = (
				4A6605EB27784F5E002D11C3 /* UserModel.swift */,
				4A969C05277AFEB500E81F44 /* ImageSource.swift */,
				4A969C03277AF61400E81F44 /* PostModel.swift */,
				4A6605ED27784F96002D11C3 /* ChatError.swift */,
			);
			path = Models;
			sourceTree = "<group>";
		};
		4A6605EA27784D20002D11C3 /* SubViews */ = {
			isa = PBXGroup;
			children = (
				4AB41AEC277725B500F01319 /* PhotoView.swift */,
				4A6605E82778486C002D11C3 /* LoadingView.swift */,
			);
			path = SubViews;
			sourceTree = "<group>";
		};
		4A6605F5277868EE002D11C3 /* Settings */ = {
			isa = PBXGroup;
			children = (
				4A66060227786990002D11C3 /* ChangePhotoView.swift */,
				4A6605FE27786976002D11C3 /* ChangeDisplayNameView.swift */,
				4A66060027786983002D11C3 /* ChangeEmailView.swift */,
				4A6605FC27786958002D11C3 /* ChangePasswordView.swift */,
				4A66060427786DD2002D11C3 /* DeleteAccountView.swift */,
			);
			path = Settings;
			sourceTree = "<group>";
		};
		4A7516C827642FCE00E90458 = {
			isa = PBXGroup;
			children = (
				4A7516D327642FCE00E90458 /* FirebaseChat */,
				4A7516D227642FCE00E90458 /* Products */,
				4ACFDC67276EBD470039769F /* Frameworks */,
			);
			sourceTree = "<group>";
		};
		4A7516D227642FCE00E90458 /* Products */ = {
			isa = PBXGroup;
			children = (
				4A7516D127642FCE00E90458 /* FirebaseChat.app */,
			);
			name = Products;
			sourceTree = "<group>";
		};
		4A7516D327642FCE00E90458 /* FirebaseChat */ = {
			isa = PBXGroup;
			children = (
				4A7516D427642FCE00E90458 /* FirebaseChatApp.swift */,
				4A7516D627642FCE00E90458 /* ContentView.swift */,
				4A75170D276471DF00E90458 /* Views */,
				4A75170E276471E800E90458 /* ViewModels */,
				4A6605CC2777A314002D11C3 /* Services */,
				4A6605DB277806C1002D11C3 /* Models */,
				4AB41AEE277727FE00F01319 /* Helpers */,
				4A7516D827642FD300E90458 /* Assets.xcassets */,
				4A7516FC2764391600E90458 /* GoogleService-Info.plist */,
				4A75170F276471FC00E90458 /* Temp */,
				4A7516DA27642FD300E90458 /* Preview Content */,
			);
			path = FirebaseChat;
			sourceTree = "<group>";
		};
		4A7516DA27642FD300E90458 /* Preview Content */ = {
			isa = PBXGroup;
			children = (
				4A7516DB27642FD300E90458 /* Preview Assets.xcassets */,
			);
			path = "Preview Content";
			sourceTree = "<group>";
		};
		4A75170D276471DF00E90458 /* Views */ = {
			isa = PBXGroup;
			children = (
				4A6605EA27784D20002D11C3 /* SubViews */,
				4A6605F5277868EE002D11C3 /* Settings */,
				4A751707276463F700E90458 /* SignUpView.swift */,
				4A6605D72777DFED002D11C3 /* LoginView.swift */,
				4A6605DE27781DCC002D11C3 /* ForgotPasswordView.swift */,
				4A75171827648BCE00E90458 /* MainView.swift */,
				4A969BEA2779B37800E81F44 /* PostsView.swift */,
				4A969C07277B250E00E81F44 /* PostRowView.swift */,
				4A969BFB277AF21C00E81F44 /* NewPostView.swift */,
				4A969C0B277BECC200E81F44 /* EditPostView.swift */,
				4A6605E027782A43002D11C3 /* ChatView.swift */,
				4A6605E2277833A1002D11C3 /* ContactsView.swift */,
				4A969BF9277ACC4800E81F44 /* MessagesView.swift */,
				4A6605E427783449002D11C3 /* SettingsView.swift */,
			);
			path = Views;
			sourceTree = "<group>";
		};
		4A75170E276471E800E90458 /* ViewModels */ = {
			isa = PBXGroup;
			children = (
				4AB41AEA2777231700F01319 /* ViewModel.swift */,
				4A75170927646F9800E90458 /* SignUpViewModel.swift */,
				4A6605D92777DFFD002D11C3 /* LoginViewModel.swift */,
				4A6605E627784096002D11C3 /* ForgotPasswordViewModel.swift */,
				4A969BFD277AF47000E81F44 /* NewPostViewModel.swift */,
				4A969C0D277C246000E81F44 /* EditPostViewModel.swift */,
				4A969BFF277AF47800E81F44 /* PostsViewModel.swift */,
				4A6605EF27785B9B002D11C3 /* SettingsViewModel.swift */,
				4A6605F127785BB3002D11C3 /* ChatsViewModel.swift */,
				4A6605F327785BC5002D11C3 /* ContactsViewModel.swift */,
			);
			path = ViewModels;
			sourceTree = "<group>";
		};
		4A75170F276471FC00E90458 /* Temp */ = {
			isa = PBXGroup;
			children = (
				4ACFDC5E276EBCC20039769F /* Home.swift */,
				4A75171C27649AEE00E90458 /* MainViewModel.swift */,
			);
			path = Temp;
			sourceTree = "<group>";
		};
		4AB41AEE277727FE00F01319 /* Helpers */ = {
			isa = PBXGroup;
			children = (
				4A7517052764628900E90458 /* ImagePicker.swift */,
				4A969BF7277ACB9400E81F44 /* SearchBar.swift */,
				4A6605CA27779715002D11C3 /* ChatButton.swift */,
				4A6605D52777DE46002D11C3 /* Globals.swift */,
				4A969BF5277AC3E800E81F44 /* SettingViewSheets.swift */,
				4A969C09277B9E7200E81F44 /* Date.extension.swift */,
			);
			path = Helpers;
			sourceTree = "<group>";
		};
		4ACFDC67276EBD470039769F /* Frameworks */ = {
			isa = PBXGroup;
			children = (
			);
			name = Frameworks;
			sourceTree = "<group>";
		};
/* End PBXGroup section */

/* Begin PBXNativeTarget section */
		4A7516D027642FCE00E90458 /* FirebaseChat */ = {
			isa = PBXNativeTarget;
			buildConfigurationList = 4A7516DF27642FD300E90458 /* Build configuration list for PBXNativeTarget "FirebaseChat" */;
			buildPhases = (
				4A7516CD27642FCE00E90458 /* Sources */,
				4A7516CE27642FCE00E90458 /* Frameworks */,
				4A7516CF27642FCE00E90458 /* Resources */,
			);
			buildRules = (
			);
			dependencies = (
			);
			name = FirebaseChat;
			packageProductDependencies = (
				4A76472C276C129700D202C0 /* FirebaseAuth */,
				4A76472E276C129700D202C0 /* FirebaseFirestore */,
				4A764730276C129700D202C0 /* FirebaseStorage */,
				4ACFDC68276EBD470039769F /* FirebaseFirestoreSwift-Beta */,
				4A969BED2779B7F500E81F44 /* SDWebImageSwiftUI */,
			);
			productName = FirebaseChat;
			productReference = 4A7516D127642FCE00E90458 /* FirebaseChat.app */;
			productType = "com.apple.product-type.application";
		};
/* End PBXNativeTarget section */

/* Begin PBXProject section */
		4A7516C927642FCE00E90458 /* Project object */ = {
			isa = PBXProject;
			attributes = {
				BuildIndependentTargetsInParallel = 1;
				LastSwiftUpdateCheck = 1310;
				LastUpgradeCheck = 1310;
				TargetAttributes = {
					4A7516D027642FCE00E90458 = {
						CreatedOnToolsVersion = 13.1;
					};
				};
			};
			buildConfigurationList = 4A7516CC27642FCE00E90458 /* Build configuration list for PBXProject "FirebaseChat" */;
			compatibilityVersion = "Xcode 13.0";
			developmentRegion = en;
			hasScannedForEncodings = 0;
			knownRegions = (
				en,
				Base,
			);
			mainGroup = 4A7516C827642FCE00E90458;
			packageReferences = (
				4A76472B276C129700D202C0 /* XCRemoteSwiftPackageReference "firebase-ios-sdk" */,
				4A969BEC2779B7F500E81F44 /* XCRemoteSwiftPackageReference "SDWebImageSwiftUI" */,
			);
			productRefGroup = 4A7516D227642FCE00E90458 /* Products */;
			projectDirPath = "";
			projectRoot = "";
			targets = (
				4A7516D027642FCE00E90458 /* FirebaseChat */,
			);
		};
/* End PBXProject section */

/* Begin PBXResourcesBuildPhase section */
		4A7516CF27642FCE00E90458 /* Resources */ = {
			isa = PBXResourcesBuildPhase;
			buildActionMask = 2147483647;
			files = (
				4A7516DC27642FD300E90458 /* Preview Assets.xcassets in Resources */,
				4A7516D927642FD300E90458 /* Assets.xcassets in Resources */,
				4A7516FD2764391600E90458 /* GoogleService-Info.plist in Resources */,
			);
			runOnlyForDeploymentPostprocessing = 0;
		};
/* End PBXResourcesBuildPhase section */

/* Begin PBXSourcesBuildPhase section */
		4A7516CD27642FCE00E90458 /* Sources */ = {
			isa = PBXSourcesBuildPhase;
			buildActionMask = 2147483647;
			files = (
				4A969BF8277ACB9400E81F44 /* SearchBar.swift in Sources */,
				4A969C0E277C246100E81F44 /* EditPostViewModel.swift in Sources */,
				4A6605EC27784F5E002D11C3 /* UserModel.swift in Sources */,
				4A6605E527783449002D11C3 /* SettingsView.swift in Sources */,
				4A751708276463F700E90458 /* SignUpView.swift in Sources */,
				4A969C04277AF61400E81F44 /* PostModel.swift in Sources */,
				4A969BF6277AC3E800E81F44 /* SettingViewSheets.swift in Sources */,
				4ACFDC6A276F19200039769F /* Home.swift in Sources */,
				4A969BEB2779B37800E81F44 /* PostsView.swift in Sources */,
				4A969C06277AFEB500E81F44 /* ImageSource.swift in Sources */,
				4A6605CB27779715002D11C3 /* ChatButton.swift in Sources */,
				4A6605D82777DFED002D11C3 /* LoginView.swift in Sources */,
				4A969BE92779739C00E81F44 /* UserService.swift in Sources */,
				4A6605FD27786958002D11C3 /* ChangePasswordView.swift in Sources */,
				4AB41AED277725B500F01319 /* PhotoView.swift in Sources */,
				4A6605E127782A43002D11C3 /* ChatView.swift in Sources */,
				4A969BFE277AF47000E81F44 /* NewPostViewModel.swift in Sources */,
				4A6605D02777A44E002D11C3 /* StorageService.swift in Sources */,
				4A6605CE2777A43D002D11C3 /* AuthService.swift in Sources */,
				4A6605E727784096002D11C3 /* ForgotPasswordViewModel.swift in Sources */,
				4A7517062764628900E90458 /* ImagePicker.swift in Sources */,
				4A66060527786DD2002D11C3 /* DeleteAccountView.swift in Sources */,
				4AB41AEB2777231700F01319 /* ViewModel.swift in Sources */,
				4A6605E3277833A1002D11C3 /* ContactsView.swift in Sources */,
				4A6605F227785BB3002D11C3 /* ChatsViewModel.swift in Sources */,
				4A75171D27649AEE00E90458 /* MainViewModel.swift in Sources */,
				4A969C02277AF4A500E81F44 /* PostsService.swift in Sources */,
				4A969BFA277ACC4800E81F44 /* MessagesView.swift in Sources */,
				4A6605F427785BC5002D11C3 /* ContactsViewModel.swift in Sources */,
				4A6605D62777DE47002D11C3 /* Globals.swift in Sources */,
				4A969C08277B250E00E81F44 /* PostRowView.swift in Sources */,
				4A6605FF27786976002D11C3 /* ChangeDisplayNameView.swift in Sources */,
				4A66060127786983002D11C3 /* ChangeEmailView.swift in Sources */,
				4A6605DF27781DCC002D11C3 /* ForgotPasswordView.swift in Sources */,
				4A6605E92778486C002D11C3 /* LoadingView.swift in Sources */,
				4A75171927648BCE00E90458 /* MainView.swift in Sources */,
				4A6605EE27784F96002D11C3 /* ChatError.swift in Sources */,
				4A969C0C277BECC200E81F44 /* EditPostView.swift in Sources */,
				4A6605F027785B9B002D11C3 /* SettingsViewModel.swift in Sources */,
				4A66060327786990002D11C3 /* ChangePhotoView.swift in Sources */,
				4A75170A27646F9800E90458 /* SignUpViewModel.swift in Sources */,
				4A6605DA2777DFFD002D11C3 /* LoginViewModel.swift in Sources */,
				4A969C00277AF47800E81F44 /* PostsViewModel.swift in Sources */,
				4A969BFC277AF21D00E81F44 /* NewPostView.swift in Sources */,
				4A7516D727642FCE00E90458 /* ContentView.swift in Sources */,
				4A969C0A277B9E7200E81F44 /* Date.extension.swift in Sources */,
				4A7516D527642FCE00E90458 /* FirebaseChatApp.swift in Sources */,
			);
			runOnlyForDeploymentPostprocessing = 0;
		};
/* End PBXSourcesBuildPhase section */

/* Begin XCBuildConfiguration section */
		4A7516DD27642FD300E90458 /* Debug */ = {
			isa = XCBuildConfiguration;
			buildSettings = {
				ALWAYS_SEARCH_USER_PATHS = NO;
				CLANG_ANALYZER_NONNULL = YES;
				CLANG_ANALYZER_NUMBER_OBJECT_CONVERSION = YES_AGGRESSIVE;
				CLANG_CXX_LANGUAGE_STANDARD = "gnu++17";
				CLANG_CXX_LIBRARY = "libc++";
				CLANG_ENABLE_MODULES = YES;
				CLANG_ENABLE_OBJC_ARC = YES;
				CLANG_ENABLE_OBJC_WEAK = YES;
				CLANG_WARN_BLOCK_CAPTURE_AUTORELEASING = YES;
				CLANG_WARN_BOOL_CONVERSION = YES;
				CLANG_WARN_COMMA = YES;
				CLANG_WARN_CONSTANT_CONVERSION = YES;
				CLANG_WARN_DEPRECATED_OBJC_IMPLEMENTATIONS = YES;
				CLANG_WARN_DIRECT_OBJC_ISA_USAGE = YES_ERROR;
				CLANG_WARN_DOCUMENTATION_COMMENTS = YES;
				CLANG_WARN_EMPTY_BODY = YES;
				CLANG_WARN_ENUM_CONVERSION = YES;
				CLANG_WARN_INFINITE_RECURSION = YES;
				CLANG_WARN_INT_CONVERSION = YES;
				CLANG_WARN_NON_LITERAL_NULL_CONVERSION = YES;
				CLANG_WARN_OBJC_IMPLICIT_RETAIN_SELF = YES;
				CLANG_WARN_OBJC_LITERAL_CONVERSION = YES;
				CLANG_WARN_OBJC_ROOT_CLASS = YES_ERROR;
				CLANG_WARN_QUOTED_INCLUDE_IN_FRAMEWORK_HEADER = YES;
				CLANG_WARN_RANGE_LOOP_ANALYSIS = YES;
				CLANG_WARN_STRICT_PROTOTYPES = YES;
				CLANG_WARN_SUSPICIOUS_MOVE = YES;
				CLANG_WARN_UNGUARDED_AVAILABILITY = YES_AGGRESSIVE;
				CLANG_WARN_UNREACHABLE_CODE = YES;
				CLANG_WARN__DUPLICATE_METHOD_MATCH = YES;
				COPY_PHASE_STRIP = NO;
				DEBUG_INFORMATION_FORMAT = dwarf;
				ENABLE_STRICT_OBJC_MSGSEND = YES;
				ENABLE_TESTABILITY = YES;
				GCC_C_LANGUAGE_STANDARD = gnu11;
				GCC_DYNAMIC_NO_PIC = NO;
				GCC_NO_COMMON_BLOCKS = YES;
				GCC_OPTIMIZATION_LEVEL = 0;
				GCC_PREPROCESSOR_DEFINITIONS = (
					"DEBUG=1",
					"$(inherited)",
				);
				GCC_WARN_64_TO_32_BIT_CONVERSION = YES;
				GCC_WARN_ABOUT_RETURN_TYPE = YES_ERROR;
				GCC_WARN_UNDECLARED_SELECTOR = YES;
				GCC_WARN_UNINITIALIZED_AUTOS = YES_AGGRESSIVE;
				GCC_WARN_UNUSED_FUNCTION = YES;
				GCC_WARN_UNUSED_VARIABLE = YES;
				IPHONEOS_DEPLOYMENT_TARGET = 15.0;
				MTL_ENABLE_DEBUG_INFO = INCLUDE_SOURCE;
				MTL_FAST_MATH = YES;
				ONLY_ACTIVE_ARCH = YES;
				SDKROOT = iphoneos;
				SWIFT_ACTIVE_COMPILATION_CONDITIONS = DEBUG;
				SWIFT_OPTIMIZATION_LEVEL = "-Onone";
			};
			name = Debug;
		};
		4A7516DE27642FD300E90458 /* Release */ = {
			isa = XCBuildConfiguration;
			buildSettings = {
				ALWAYS_SEARCH_USER_PATHS = NO;
				CLANG_ANALYZER_NONNULL = YES;
				CLANG_ANALYZER_NUMBER_OBJECT_CONVERSION = YES_AGGRESSIVE;
				CLANG_CXX_LANGUAGE_STANDARD = "gnu++17";
				CLANG_CXX_LIBRARY = "libc++";
				CLANG_ENABLE_MODULES = YES;
				CLANG_ENABLE_OBJC_ARC = YES;
				CLANG_ENABLE_OBJC_WEAK = YES;
				CLANG_WARN_BLOCK_CAPTURE_AUTORELEASING = YES;
				CLANG_WARN_BOOL_CONVERSION = YES;
				CLANG_WARN_COMMA = YES;
				CLANG_WARN_CONSTANT_CONVERSION = YES;
				CLANG_WARN_DEPRECATED_OBJC_IMPLEMENTATIONS = YES;
				CLANG_WARN_DIRECT_OBJC_ISA_USAGE = YES_ERROR;
				CLANG_WARN_DOCUMENTATION_COMMENTS = YES;
				CLANG_WARN_EMPTY_BODY = YES;
				CLANG_WARN_ENUM_CONVERSION = YES;
				CLANG_WARN_INFINITE_RECURSION = YES;
				CLANG_WARN_INT_CONVERSION = YES;
				CLANG_WARN_NON_LITERAL_NULL_CONVERSION = YES;
				CLANG_WARN_OBJC_IMPLICIT_RETAIN_SELF = YES;
				CLANG_WARN_OBJC_LITERAL_CONVERSION = YES;
				CLANG_WARN_OBJC_ROOT_CLASS = YES_ERROR;
				CLANG_WARN_QUOTED_INCLUDE_IN_FRAMEWORK_HEADER = YES;
				CLANG_WARN_RANGE_LOOP_ANALYSIS = YES;
				CLANG_WARN_STRICT_PROTOTYPES = YES;
				CLANG_WARN_SUSPICIOUS_MOVE = YES;
				CLANG_WARN_UNGUARDED_AVAILABILITY = YES_AGGRESSIVE;
				CLANG_WARN_UNREACHABLE_CODE = YES;
				CLANG_WARN__DUPLICATE_METHOD_MATCH = YES;
				COPY_PHASE_STRIP = NO;
				DEBUG_INFORMATION_FORMAT = "dwarf-with-dsym";
				ENABLE_NS_ASSERTIONS = NO;
				ENABLE_STRICT_OBJC_MSGSEND = YES;
				GCC_C_LANGUAGE_STANDARD = gnu11;
				GCC_NO_COMMON_BLOCKS = YES;
				GCC_WARN_64_TO_32_BIT_CONVERSION = YES;
				GCC_WARN_ABOUT_RETURN_TYPE = YES_ERROR;
				GCC_WARN_UNDECLARED_SELECTOR = YES;
				GCC_WARN_UNINITIALIZED_AUTOS = YES_AGGRESSIVE;
				GCC_WARN_UNUSED_FUNCTION = YES;
				GCC_WARN_UNUSED_VARIABLE = YES;
				IPHONEOS_DEPLOYMENT_TARGET = 15.0;
				MTL_ENABLE_DEBUG_INFO = NO;
				MTL_FAST_MATH = YES;
				SDKROOT = iphoneos;
				SWIFT_COMPILATION_MODE = wholemodule;
				SWIFT_OPTIMIZATION_LEVEL = "-O";
				VALIDATE_PRODUCT = YES;
			};
			name = Release;
		};
		4A7516E027642FD300E90458 /* Debug */ = {
			isa = XCBuildConfiguration;
			buildSettings = {
				ASSETCATALOG_COMPILER_APPICON_NAME = AppIcon;
				ASSETCATALOG_COMPILER_GLOBAL_ACCENT_COLOR_NAME = AccentColor;
				CODE_SIGN_STYLE = Automatic;
				CURRENT_PROJECT_VERSION = 1;
				DEVELOPMENT_ASSET_PATHS = "\"FirebaseChat/Preview Content\"";
				DEVELOPMENT_TEAM = YAZRH2W8WY;
				ENABLE_PREVIEWS = YES;
				GENERATE_INFOPLIST_FILE = YES;
				INFOPLIST_KEY_UIApplicationSceneManifest_Generation = YES;
				INFOPLIST_KEY_UIApplicationSupportsIndirectInputEvents = YES;
				INFOPLIST_KEY_UILaunchScreen_Generation = YES;
				INFOPLIST_KEY_UISupportedInterfaceOrientations_iPad = "UIInterfaceOrientationPortrait UIInterfaceOrientationPortraitUpsideDown UIInterfaceOrientationLandscapeLeft UIInterfaceOrientationLandscapeRight";
				INFOPLIST_KEY_UISupportedInterfaceOrientations_iPhone = "UIInterfaceOrientationPortrait UIInterfaceOrientationLandscapeLeft UIInterfaceOrientationLandscapeRight";
				LD_RUNPATH_SEARCH_PATHS = (
					"$(inherited)",
					"@executable_path/Frameworks",
				);
				MARKETING_VERSION = 1.0;
				PRODUCT_BUNDLE_IDENTIFIER = Cicimaya.FirebaseChat;
				PRODUCT_NAME = "$(TARGET_NAME)";
				SWIFT_EMIT_LOC_STRINGS = YES;
				SWIFT_VERSION = 5.0;
				TARGETED_DEVICE_FAMILY = "1,2";
			};
			name = Debug;
		};
		4A7516E127642FD300E90458 /* Release */ = {
			isa = XCBuildConfiguration;
			buildSettings = {
				ASSETCATALOG_COMPILER_APPICON_NAME = AppIcon;
				ASSETCATALOG_COMPILER_GLOBAL_ACCENT_COLOR_NAME = AccentColor;
				CODE_SIGN_STYLE = Automatic;
				CURRENT_PROJECT_VERSION = 1;
				DEVELOPMENT_ASSET_PATHS = "\"FirebaseChat/Preview Content\"";
				DEVELOPMENT_TEAM = YAZRH2W8WY;
				ENABLE_PREVIEWS = YES;
				GENERATE_INFOPLIST_FILE = YES;
				INFOPLIST_KEY_UIApplicationSceneManifest_Generation = YES;
				INFOPLIST_KEY_UIApplicationSupportsIndirectInputEvents = YES;
				INFOPLIST_KEY_UILaunchScreen_Generation = YES;
				INFOPLIST_KEY_UISupportedInterfaceOrientations_iPad = "UIInterfaceOrientationPortrait UIInterfaceOrientationPortraitUpsideDown UIInterfaceOrientationLandscapeLeft UIInterfaceOrientationLandscapeRight";
				INFOPLIST_KEY_UISupportedInterfaceOrientations_iPhone = "UIInterfaceOrientationPortrait UIInterfaceOrientationLandscapeLeft UIInterfaceOrientationLandscapeRight";
				LD_RUNPATH_SEARCH_PATHS = (
					"$(inherited)",
					"@executable_path/Frameworks",
				);
				MARKETING_VERSION = 1.0;
				PRODUCT_BUNDLE_IDENTIFIER = Cicimaya.FirebaseChat;
				PRODUCT_NAME = "$(TARGET_NAME)";
				SWIFT_EMIT_LOC_STRINGS = YES;
				SWIFT_VERSION = 5.0;
				TARGETED_DEVICE_FAMILY = "1,2";
			};
			name = Release;
		};
/* End XCBuildConfiguration section */

/* Begin XCConfigurationList section */
		4A7516CC27642FCE00E90458 /* Build configuration list for PBXProject "FirebaseChat" */ = {
			isa = XCConfigurationList;
			buildConfigurations = (
				4A7516DD27642FD300E90458 /* Debug */,
				4A7516DE27642FD300E90458 /* Release */,
			);
			defaultConfigurationIsVisible = 0;
			defaultConfigurationName = Release;
		};
		4A7516DF27642FD300E90458 /* Build configuration list for PBXNativeTarget "FirebaseChat" */ = {
			isa = XCConfigurationList;
			buildConfigurations = (
				4A7516E027642FD300E90458 /* Debug */,
				4A7516E127642FD300E90458 /* Release */,
			);
			defaultConfigurationIsVisible = 0;
			defaultConfigurationName = Release;
		};
/* End XCConfigurationList section */

/* Begin XCRemoteSwiftPackageReference section */
		4A76472B276C129700D202C0 /* XCRemoteSwiftPackageReference "firebase-ios-sdk" */ = {
			isa = XCRemoteSwiftPackageReference;
			repositoryURL = "https://github.com/firebase/firebase-ios-sdk";
			requirement = {
				kind = upToNextMajorVersion;
				minimumVersion = 8.0.0;
			};
		};
		4A969BEC2779B7F500E81F44 /* XCRemoteSwiftPackageReference "SDWebImageSwiftUI" */ = {
			isa = XCRemoteSwiftPackageReference;
			repositoryURL = "https://github.com/SDWebImage/SDWebImageSwiftUI";
			requirement = {
				branch = master;
				kind = branch;
			};
		};
/* End XCRemoteSwiftPackageReference section */

/* Begin XCSwiftPackageProductDependency section */
		4A76472C276C129700D202C0 /* FirebaseAuth */ = {
			isa = XCSwiftPackageProductDependency;
			package = 4A76472B276C129700D202C0 /* XCRemoteSwiftPackageReference "firebase-ios-sdk" */;
			productName = FirebaseAuth;
		};
		4A76472E276C129700D202C0 /* FirebaseFirestore */ = {
			isa = XCSwiftPackageProductDependency;
			package = 4A76472B276C129700D202C0 /* XCRemoteSwiftPackageReference "firebase-ios-sdk" */;
			productName = FirebaseFirestore;
		};
		4A764730276C129700D202C0 /* FirebaseStorage */ = {
			isa = XCSwiftPackageProductDependency;
			package = 4A76472B276C129700D202C0 /* XCRemoteSwiftPackageReference "firebase-ios-sdk" */;
			productName = FirebaseStorage;
		};
		4A969BED2779B7F500E81F44 /* SDWebImageSwiftUI */ = {
			isa = XCSwiftPackageProductDependency;
			package = 4A969BEC2779B7F500E81F44 /* XCRemoteSwiftPackageReference "SDWebImageSwiftUI" */;
			productName = SDWebImageSwiftUI;
		};
		4ACFDC68276EBD470039769F /* FirebaseFirestoreSwift-Beta */ = {
			isa = XCSwiftPackageProductDependency;
			package = 4A76472B276C129700D202C0 /* XCRemoteSwiftPackageReference "firebase-ios-sdk" */;
			productName = "FirebaseFirestoreSwift-Beta";
		};
/* End XCSwiftPackageProductDependency section */
	};
	rootObject = 4A7516C927642FCE00E90458 /* Project object */;
}
